// !$*UTF8*$!
{
	archiveVersion = 1;
	classes = {
	};
	objectVersion = 56;
	objects = {

/* Begin PBXBuildFile section */
		7D111E752A25C21B00485DB1 /* NetWorthChartView.swift in Sources */ = {isa = PBXBuildFile; fileRef = 7D111E742A25C21B00485DB1 /* NetWorthChartView.swift */; };
		7D1188362A03F3000005EA32 /* AccountWatchView.swift in Sources */ = {isa = PBXBuildFile; fileRef = 7D1188352A03F3000005EA32 /* AccountWatchView.swift */; };
		7D11D0052A0A551300897B08 /* PieSliceView.swift in Sources */ = {isa = PBXBuildFile; fileRef = 7D11D0042A0A551300897B08 /* PieSliceView.swift */; };
		7D11D0072A0A56D700897B08 /* PieChartView.swift in Sources */ = {isa = PBXBuildFile; fileRef = 7D11D0062A0A56D700897B08 /* PieChartView.swift */; };
		7D11D0092A0A59F600897B08 /* ChartView.swift in Sources */ = {isa = PBXBuildFile; fileRef = 7D11D0082A0A59F600897B08 /* ChartView.swift */; };
		7D14A8F02A0253A9002FC324 /* AccountWatchChartView.swift in Sources */ = {isa = PBXBuildFile; fileRef = 7D14A8EF2A0253A9002FC324 /* AccountWatchChartView.swift */; };
		7D1C72642A06549B00022FCB /* ImportExportViewModel.swift in Sources */ = {isa = PBXBuildFile; fileRef = 7D1C72632A06549B00022FCB /* ImportExportViewModel.swift */; };
		7D237BED292B672900DEF91D /* DoubleExtension.swift in Sources */ = {isa = PBXBuildFile; fileRef = 7D237BEC292B672800DEF91D /* DoubleExtension.swift */; };
		7D2461182A335ABF00693BA5 /* LoadingView.swift in Sources */ = {isa = PBXBuildFile; fileRef = 7D2461172A335ABF00693BA5 /* LoadingView.swift */; };
		7D24611A2A335C8600693BA5 /* EmptyView.swift in Sources */ = {isa = PBXBuildFile; fileRef = 7D2461192A335C8600693BA5 /* EmptyView.swift */; };
		7D2C76202A0B5B8900CE606C /* Color.swift in Sources */ = {isa = PBXBuildFile; fileRef = 7D2C761F2A0B5B8900CE606C /* Color.swift */; };
		7D2D38412A2C8945006C0AD2 /* ApplicationData.swift in Sources */ = {isa = PBXBuildFile; fileRef = 7D2D38402A2C8945006C0AD2 /* ApplicationData.swift */; };
		7D3636FB292F9CCB0013B4E5 /* NotificationsView.swift in Sources */ = {isa = PBXBuildFile; fileRef = 7D3636FA292F9CCB0013B4E5 /* NotificationsView.swift */; };
		7D3D5244299105A50021047B /* CommonController.swift in Sources */ = {isa = PBXBuildFile; fileRef = 7D3D5243299105A50021047B /* CommonController.swift */; };
		7D3E3CBD2A1FABCD009538BA /* IncomeRowView.swift in Sources */ = {isa = PBXBuildFile; fileRef = 7D3E3CBC2A1FABCD009538BA /* IncomeRowView.swift */; };
		7D3E3CBF2A1FC4FC009538BA /* RowAccountToWatchView.swift in Sources */ = {isa = PBXBuildFile; fileRef = 7D3E3CBE2A1FC4FC009538BA /* RowAccountToWatchView.swift */; };
		7D3E3CC12A1FC87D009538BA /* RowWatchToAccountView.swift in Sources */ = {isa = PBXBuildFile; fileRef = 7D3E3CC02A1FC87D009538BA /* RowWatchToAccountView.swift */; };
		7D42520F291BE95C0001C41C /* AuthenticationView.swift in Sources */ = {isa = PBXBuildFile; fileRef = 7D42520E291BE95C0001C41C /* AuthenticationView.swift */; };
		7D433CF629385DBB007FA625 /* FinanceController.swift in Sources */ = {isa = PBXBuildFile; fileRef = 7D433CF529385DBB007FA625 /* FinanceController.swift */; };
		7D433CF829386002007FA625 /* FinanceModel.swift in Sources */ = {isa = PBXBuildFile; fileRef = 7D433CF729386002007FA625 /* FinanceModel.swift */; };
		7D4A60CD2A2DD0A500F46C1F /* IncomeTypeController.swift in Sources */ = {isa = PBXBuildFile; fileRef = 7D4A60CC2A2DD0A500F46C1F /* IncomeTypeController.swift */; };
		7D4A60CF2A2DD1B900F46C1F /* IncomeTagController.swift in Sources */ = {isa = PBXBuildFile; fileRef = 7D4A60CE2A2DD1B900F46C1F /* IncomeTagController.swift */; };
		7D4A60D12A2DFC4E00F46C1F /* AccountTransactionController.swift in Sources */ = {isa = PBXBuildFile; fileRef = 7D4A60D02A2DFC4E00F46C1F /* AccountTransactionController.swift */; };
		7D4A60D32A2E5FEA00F46C1F /* DictionaryExtension.swift in Sources */ = {isa = PBXBuildFile; fileRef = 7D4A60D22A2E5FEA00F46C1F /* DictionaryExtension.swift */; };
		7D4E671329F7D4C900EB6B24 /* IncomeDetailView.swift in Sources */ = {isa = PBXBuildFile; fileRef = 7D4E671229F7D4C900EB6B24 /* IncomeDetailView.swift */; };
		7D596278294105A40008A6B9 /* Balance.swift in Sources */ = {isa = PBXBuildFile; fileRef = 7D596277294105A40008A6B9 /* Balance.swift */; };
		7D5A75602A04FB11001646A2 /* WatchToAccountView.swift in Sources */ = {isa = PBXBuildFile; fileRef = 7D5A755F2A04FB11001646A2 /* WatchToAccountView.swift */; };
		7D5B9F93299A896300D0477B /* BalanceCardView.swift in Sources */ = {isa = PBXBuildFile; fileRef = 7D5B9F92299A896300D0477B /* BalanceCardView.swift */; };
		7D5F29112A0FD0B900D365DD /* NetworkMonitor.swift in Sources */ = {isa = PBXBuildFile; fileRef = 7D5F29102A0FD0B900D365DD /* NetworkMonitor.swift */; };
		7D65547429A107950008A8E2 /* ChartViewModel.swift in Sources */ = {isa = PBXBuildFile; fileRef = 7D65547329A107950008A8E2 /* ChartViewModel.swift */; };
		7D65547629A107DC0008A8E2 /* ChartData.swift in Sources */ = {isa = PBXBuildFile; fileRef = 7D65547529A107DC0008A8E2 /* ChartData.swift */; };
		7D69DD732932312400F024A6 /* ConstantUtils.swift in Sources */ = {isa = PBXBuildFile; fileRef = 7D69DD722932312400F024A6 /* ConstantUtils.swift */; };
		7D6F885229F8FBFB000AE48A /* IncomeChartView.swift in Sources */ = {isa = PBXBuildFile; fileRef = 7D6F885129F8FBFB000AE48A /* IncomeChartView.swift */; };
		7D730E1129937D370002E0ED /* OnboardingView.swift in Sources */ = {isa = PBXBuildFile; fileRef = 7D730E1029937D370002E0ED /* OnboardingView.swift */; };
		7D76290529A385EA00F71D7C /* IncomeTag.swift in Sources */ = {isa = PBXBuildFile; fileRef = 7D76290429A385EA00F71D7C /* IncomeTag.swift */; };
		7D798FFA2A3735B2002170E5 /* BarLollipopChartView.swift in Sources */ = {isa = PBXBuildFile; fileRef = 7D798FF92A3735B2002170E5 /* BarLollipopChartView.swift */; };
		7D79FA51291B7430004A2ECF /* net_worthApp.swift in Sources */ = {isa = PBXBuildFile; fileRef = 7D79FA50291B7430004A2ECF /* net_worthApp.swift */; };
		7D79FA55291B7431004A2ECF /* Assets.xcassets in Resources */ = {isa = PBXBuildFile; fileRef = 7D79FA54291B7431004A2ECF /* Assets.xcassets */; };
		7D79FA58291B7431004A2ECF /* Preview Assets.xcassets in Resources */ = {isa = PBXBuildFile; fileRef = 7D79FA57291B7431004A2ECF /* Preview Assets.xcassets */; };
		7D79FA87291B803A004A2ECF /* AccountController.swift in Sources */ = {isa = PBXBuildFile; fileRef = 7D79FA86291B803A004A2ECF /* AccountController.swift */; };
		7D79FA8A291B9CE6004A2ECF /* MainScreenView.swift in Sources */ = {isa = PBXBuildFile; fileRef = 7D79FA89291B9CE6004A2ECF /* MainScreenView.swift */; };
		7D79FA8C291BA152004A2ECF /* NewAccountView.swift in Sources */ = {isa = PBXBuildFile; fileRef = 7D79FA8B291BA152004A2ECF /* NewAccountView.swift */; };
		7D7AA909298D8DA2004C9776 /* UserController.swift in Sources */ = {isa = PBXBuildFile; fileRef = 7D7AA908298D8DA2004C9776 /* UserController.swift */; };
		7D80ECF0291CE0C500A22496 /* LaunchScreen.storyboard in Resources */ = {isa = PBXBuildFile; fileRef = 7D80ECEF291CE0C500A22496 /* LaunchScreen.storyboard */; };
		7D85D030298D29BE0019F85E /* Income.swift in Sources */ = {isa = PBXBuildFile; fileRef = 7D85D02F298D29BE0019F85E /* Income.swift */; };
		7D85D032298D2ADD0019F85E /* IncomeViewModel.swift in Sources */ = {isa = PBXBuildFile; fileRef = 7D85D031298D2ADD0019F85E /* IncomeViewModel.swift */; };
		7D85D068298D2CCF0019F85E /* FirebaseFirestore in Frameworks */ = {isa = PBXBuildFile; productRef = 7D85D067298D2CCF0019F85E /* FirebaseFirestore */; };
		7D85D06A298D2CCF0019F85E /* FirebaseFirestoreSwift in Frameworks */ = {isa = PBXBuildFile; productRef = 7D85D069298D2CCF0019F85E /* FirebaseFirestoreSwift */; };
		7D85D06C298D2D650019F85E /* User.swift in Sources */ = {isa = PBXBuildFile; fileRef = 7D85D06B298D2D650019F85E /* User.swift */; };
		7D921C522986801E0014AC9E /* FirebaseAuth in Frameworks */ = {isa = PBXBuildFile; productRef = 7D921C512986801E0014AC9E /* FirebaseAuth */; };
		7D921C55298681BC0014AC9E /* GoogleSignIn in Frameworks */ = {isa = PBXBuildFile; productRef = 7D921C54298681BC0014AC9E /* GoogleSignIn */; };
		7D921C57298681BC0014AC9E /* GoogleSignInSwift in Frameworks */ = {isa = PBXBuildFile; productRef = 7D921C56298681BC0014AC9E /* GoogleSignInSwift */; };
		7D921C5E2986835C0014AC9E /* GoogleSiginBtn.swift in Sources */ = {isa = PBXBuildFile; fileRef = 7D921C5D2986835C0014AC9E /* GoogleSiginBtn.swift */; };
		7D921C60298683760014AC9E /* LoginHeader.swift in Sources */ = {isa = PBXBuildFile; fileRef = 7D921C5F298683760014AC9E /* LoginHeader.swift */; };
		7D921C62298683B30014AC9E /* LoginScreen.swift in Sources */ = {isa = PBXBuildFile; fileRef = 7D921C61298683B30014AC9E /* LoginScreen.swift */; };
		7D921C66298684790014AC9E /* +View.swift in Sources */ = {isa = PBXBuildFile; fileRef = 7D921C65298684790014AC9E /* +View.swift */; };
		7D9DF69F2939B80400BE4C9D /* CommonUtils.swift in Sources */ = {isa = PBXBuildFile; fileRef = 7D9DF69E2939B80400BE4C9D /* CommonUtils.swift */; };
		7D9F6F58299CE18000F964EC /* WatchDetailView.swift in Sources */ = {isa = PBXBuildFile; fileRef = 7D9F6F57299CE18000F964EC /* WatchDetailView.swift */; };
		7DA63A492995FACA00568FCA /* AccountDetailCardView.swift in Sources */ = {isa = PBXBuildFile; fileRef = 7DA63A482995FACA00568FCA /* AccountDetailCardView.swift */; };
		7DA63A4B2996017D00568FCA /* AccountDetailView.swift in Sources */ = {isa = PBXBuildFile; fileRef = 7DA63A4A2996017D00568FCA /* AccountDetailView.swift */; };
		7DB205852A0CEB78001E03D6 /* MainScreenTabBarView.swift in Sources */ = {isa = PBXBuildFile; fileRef = 7DB205842A0CEB78001E03D6 /* MainScreenTabBarView.swift */; };
		7DB205872A0CF010001E03D6 /* MainScreenTabBarContainerView.swift in Sources */ = {isa = PBXBuildFile; fileRef = 7DB205862A0CF010001E03D6 /* MainScreenTabBarContainerView.swift */; };
		7DB205892A0CF347001E03D6 /* MainScreenTabBarItemsPreferenceKey.swift in Sources */ = {isa = PBXBuildFile; fileRef = 7DB205882A0CF347001E03D6 /* MainScreenTabBarItemsPreferenceKey.swift */; };
		7DB2058B2A0CF5B6001E03D6 /* MainScreenTabBarItem.swift in Sources */ = {isa = PBXBuildFile; fileRef = 7DB2058A2A0CF5B6001E03D6 /* MainScreenTabBarItem.swift */; };
		7DB2058D2A0D2E36001E03D6 /* NavigationViewGestureExtension.swift in Sources */ = {isa = PBXBuildFile; fileRef = 7DB2058C2A0D2E36001E03D6 /* NavigationViewGestureExtension.swift */; };
		7DB2B0A4299515B800E4B891 /* AccountCardView.swift in Sources */ = {isa = PBXBuildFile; fileRef = 7DB2B0A3299515B800E4B891 /* AccountCardView.swift */; };
		7DB2B0A6299518A100E4B891 /* AccountCardList.swift in Sources */ = {isa = PBXBuildFile; fileRef = 7DB2B0A5299518A100E4B891 /* AccountCardList.swift */; };
		7DB2B0A82995638700E4B891 /* TransactionView.swift in Sources */ = {isa = PBXBuildFile; fileRef = 7DB2B0A72995638700E4B891 /* TransactionView.swift */; };
		7DB58AB329967AFE00B93592 /* AccountRowView.swift in Sources */ = {isa = PBXBuildFile; fileRef = 7DB58AB229967AFE00B93592 /* AccountRowView.swift */; };
		7DB58AB529967B2E00B93592 /* AccountListView.swift in Sources */ = {isa = PBXBuildFile; fileRef = 7DB58AB429967B2E00B93592 /* AccountListView.swift */; };
		7DB987FE299B6365004ED6D2 /* Watch.swift in Sources */ = {isa = PBXBuildFile; fileRef = 7DB987FD299B6365004ED6D2 /* Watch.swift */; };
		7DB98800299B6420004ED6D2 /* WatchViewModel.swift in Sources */ = {isa = PBXBuildFile; fileRef = 7DB987FF299B6420004ED6D2 /* WatchViewModel.swift */; };
		7DB98802299B6464004ED6D2 /* WatchController.swift in Sources */ = {isa = PBXBuildFile; fileRef = 7DB98801299B6464004ED6D2 /* WatchController.swift */; };
		7DB98804299B682F004ED6D2 /* NewWatchView.swift in Sources */ = {isa = PBXBuildFile; fileRef = 7DB98803299B682F004ED6D2 /* NewWatchView.swift */; };
		7DB98806299B708C004ED6D2 /* UpdateWatchView.swift in Sources */ = {isa = PBXBuildFile; fileRef = 7DB98805299B708C004ED6D2 /* UpdateWatchView.swift */; };
		7DB98808299B8A99004ED6D2 /* AccountToWatchView.swift in Sources */ = {isa = PBXBuildFile; fileRef = 7DB98807299B8A99004ED6D2 /* AccountToWatchView.swift */; };
		7DC1C4972A1BBD3F00BE24A7 /* GoogleService-Info.plist in Resources */ = {isa = PBXBuildFile; fileRef = 7DC1C4962A1BBD3F00BE24A7 /* GoogleService-Info.plist */; };
		7DC46B4429A4A4B9000E311B /* NewIncomeTypeView.swift in Sources */ = {isa = PBXBuildFile; fileRef = 7DC46B4329A4A4B9000E311B /* NewIncomeTypeView.swift */; };
		7DC46B4629A4A513000E311B /* IncomeType.swift in Sources */ = {isa = PBXBuildFile; fileRef = 7DC46B4529A4A513000E311B /* IncomeType.swift */; };
		7DC46B4829A4C5A0000E311B /* IncomeTypeView.swift in Sources */ = {isa = PBXBuildFile; fileRef = 7DC46B4729A4C5A0000E311B /* IncomeTypeView.swift */; };
		7DC46B4A29A4C5B0000E311B /* IncomeTagView.swift in Sources */ = {isa = PBXBuildFile; fileRef = 7DC46B4929A4C5B0000E311B /* IncomeTagView.swift */; };
		7DC97A24292216BB003F69D4 /* SettingsView.swift in Sources */ = {isa = PBXBuildFile; fileRef = 7DC97A23292216BB003F69D4 /* SettingsView.swift */; };
		7DC97A2629221990003F69D4 /* SettingsController.swift in Sources */ = {isa = PBXBuildFile; fileRef = 7DC97A2529221990003F69D4 /* SettingsController.swift */; };
		7DC97A28292236FB003F69D4 /* IncomeView.swift in Sources */ = {isa = PBXBuildFile; fileRef = 7DC97A27292236FB003F69D4 /* IncomeView.swift */; };
		7DC97A2A29223989003F69D4 /* IncomeController.swift in Sources */ = {isa = PBXBuildFile; fileRef = 7DC97A2929223989003F69D4 /* IncomeController.swift */; };
		7DC97A2C29223ADB003F69D4 /* NewIncomeView.swift in Sources */ = {isa = PBXBuildFile; fileRef = 7DC97A2B29223ADB003F69D4 /* NewIncomeView.swift */; };
		7DCA54772A2B5C9E009938E1 /* SingleLineLollipopChartView.swift in Sources */ = {isa = PBXBuildFile; fileRef = 7DCA54762A2B5C9E009938E1 /* SingleLineLollipopChartView.swift */; };
		7DCFE4C8292CB92900C940F0 /* StringExtension.swift in Sources */ = {isa = PBXBuildFile; fileRef = 7DCFE4C7292CB92900C940F0 /* StringExtension.swift */; };
		7DD8E5AC2A0630A000245A98 /* Data.swift in Sources */ = {isa = PBXBuildFile; fileRef = 7DD8E5AB2A0630A000245A98 /* Data.swift */; };
		7DD8E5B32A06339500245A98 /* BackupView.swift in Sources */ = {isa = PBXBuildFile; fileRef = 7DD8E5B22A06339500245A98 /* BackupView.swift */; };
		7DD8E5B52A06343A00245A98 /* ImportExportController.swift in Sources */ = {isa = PBXBuildFile; fileRef = 7DD8E5B42A06343A00245A98 /* ImportExportController.swift */; };
		7DD8E5B72A06369800245A98 /* IncomeTagData.swift in Sources */ = {isa = PBXBuildFile; fileRef = 7DD8E5B62A06369800245A98 /* IncomeTagData.swift */; };
		7DD8E5B92A06375F00245A98 /* IncomeTypeData.swift in Sources */ = {isa = PBXBuildFile; fileRef = 7DD8E5B82A06375F00245A98 /* IncomeTypeData.swift */; };
		7DD8E5BB2A06383200245A98 /* IncomeData.swift in Sources */ = {isa = PBXBuildFile; fileRef = 7DD8E5BA2A06383200245A98 /* IncomeData.swift */; };
		7DD8E5BD2A06397B00245A98 /* AccountData.swift in Sources */ = {isa = PBXBuildFile; fileRef = 7DD8E5BC2A06397B00245A98 /* AccountData.swift */; };
		7DD8E5BF2A063AA000245A98 /* AccountTransactionData.swift in Sources */ = {isa = PBXBuildFile; fileRef = 7DD8E5BE2A063AA000245A98 /* AccountTransactionData.swift */; };
		7DD8E5C12A06427300245A98 /* WatchData.swift in Sources */ = {isa = PBXBuildFile; fileRef = 7DD8E5C02A06427300245A98 /* WatchData.swift */; };
		7DE42FC02934F69200D4DA0A /* UpdateBalanceAccountView.swift in Sources */ = {isa = PBXBuildFile; fileRef = 7DE42FBF2934F69200D4DA0A /* UpdateBalanceAccountView.swift */; };
		7DE42FC4293524E500D4DA0A /* DateExtension.swift in Sources */ = {isa = PBXBuildFile; fileRef = 7DE42FC3293524E500D4DA0A /* DateExtension.swift */; };
		7DE766F32928B62900EFBD2D /* NotificationController.swift in Sources */ = {isa = PBXBuildFile; fileRef = 7DE766F22928B62900EFBD2D /* NotificationController.swift */; };
		7DEC3B802938A38B002E9C8B /* FinanceDetailModel.swift in Sources */ = {isa = PBXBuildFile; fileRef = 7DEC3B7F2938A38B002E9C8B /* FinanceDetailModel.swift */; };
		7DF4F39929A3A88400E5C1E1 /* NewIncomeTagView.swift in Sources */ = {isa = PBXBuildFile; fileRef = 7DF4F39829A3A88400E5C1E1 /* NewIncomeTagView.swift */; };
		7DF878FE2A0F75B6008343EE /* DefaultCurrencyPicker.swift in Sources */ = {isa = PBXBuildFile; fileRef = 7DF878FD2A0F75B6008343EE /* DefaultCurrencyPicker.swift */; };
		7DF879002A0F7842008343EE /* CurrencyPicker.swift in Sources */ = {isa = PBXBuildFile; fileRef = 7DF878FF2A0F7842008343EE /* CurrencyPicker.swift */; };
		7DF879022A0F7872008343EE /* CurrencySelectionRow.swift in Sources */ = {isa = PBXBuildFile; fileRef = 7DF879012A0F7872008343EE /* CurrencySelectionRow.swift */; };
		7DF8CCF9299F444000267C29 /* WatchView.swift in Sources */ = {isa = PBXBuildFile; fileRef = 7DF8CCF8299F444000267C29 /* WatchView.swift */; };
		7DF8CCFD299FB86100267C29 /* AccountChartView.swift in Sources */ = {isa = PBXBuildFile; fileRef = 7DF8CCFC299FB86100267C29 /* AccountChartView.swift */; };
		7DF9DB91298F978600831494 /* Account.swift in Sources */ = {isa = PBXBuildFile; fileRef = 7DF9DB90298F978600831494 /* Account.swift */; };
		7DF9DB93298F98A800831494 /* AccountViewModel.swift in Sources */ = {isa = PBXBuildFile; fileRef = 7DF9DB92298F98A800831494 /* AccountViewModel.swift */; };
		7DF9DB95298F9C2600831494 /* AccountTransaction.swift in Sources */ = {isa = PBXBuildFile; fileRef = 7DF9DB94298F9C2600831494 /* AccountTransaction.swift */; };
/* End PBXBuildFile section */

/* Begin PBXFileReference section */
		2B45DF998FDF5AAD9DFFCB01 /* Pods-net-worth.debug.xcconfig */ = {isa = PBXFileReference; includeInIndex = 1; lastKnownFileType = text.xcconfig; name = "Pods-net-worth.debug.xcconfig"; path = "Target Support Files/Pods-net-worth/Pods-net-worth.debug.xcconfig"; sourceTree = "<group>"; };
		7D111E742A25C21B00485DB1 /* NetWorthChartView.swift */ = {isa = PBXFileReference; lastKnownFileType = sourcecode.swift; path = NetWorthChartView.swift; sourceTree = "<group>"; };
		7D1188352A03F3000005EA32 /* AccountWatchView.swift */ = {isa = PBXFileReference; lastKnownFileType = sourcecode.swift; path = AccountWatchView.swift; sourceTree = "<group>"; };
		7D11D0042A0A551300897B08 /* PieSliceView.swift */ = {isa = PBXFileReference; lastKnownFileType = sourcecode.swift; path = PieSliceView.swift; sourceTree = "<group>"; };
		7D11D0062A0A56D700897B08 /* PieChartView.swift */ = {isa = PBXFileReference; lastKnownFileType = sourcecode.swift; path = PieChartView.swift; sourceTree = "<group>"; };
		7D11D0082A0A59F600897B08 /* ChartView.swift */ = {isa = PBXFileReference; lastKnownFileType = sourcecode.swift; path = ChartView.swift; sourceTree = "<group>"; };
		7D14A8EF2A0253A9002FC324 /* AccountWatchChartView.swift */ = {isa = PBXFileReference; lastKnownFileType = sourcecode.swift; path = AccountWatchChartView.swift; sourceTree = "<group>"; };
		7D1C72632A06549B00022FCB /* ImportExportViewModel.swift */ = {isa = PBXFileReference; lastKnownFileType = sourcecode.swift; path = ImportExportViewModel.swift; sourceTree = "<group>"; };
		7D237BEC292B672800DEF91D /* DoubleExtension.swift */ = {isa = PBXFileReference; lastKnownFileType = sourcecode.swift; path = DoubleExtension.swift; sourceTree = "<group>"; };
		7D2461172A335ABF00693BA5 /* LoadingView.swift */ = {isa = PBXFileReference; lastKnownFileType = sourcecode.swift; path = LoadingView.swift; sourceTree = "<group>"; };
		7D2461192A335C8600693BA5 /* EmptyView.swift */ = {isa = PBXFileReference; lastKnownFileType = sourcecode.swift; path = EmptyView.swift; sourceTree = "<group>"; };
		7D2C761F2A0B5B8900CE606C /* Color.swift */ = {isa = PBXFileReference; lastKnownFileType = sourcecode.swift; path = Color.swift; sourceTree = "<group>"; };
		7D2D38402A2C8945006C0AD2 /* ApplicationData.swift */ = {isa = PBXFileReference; lastKnownFileType = sourcecode.swift; path = ApplicationData.swift; sourceTree = "<group>"; };
		7D3636FA292F9CCB0013B4E5 /* NotificationsView.swift */ = {isa = PBXFileReference; lastKnownFileType = sourcecode.swift; path = NotificationsView.swift; sourceTree = "<group>"; };
		7D3D5243299105A50021047B /* CommonController.swift */ = {isa = PBXFileReference; lastKnownFileType = sourcecode.swift; path = CommonController.swift; sourceTree = "<group>"; };
		7D3E3CBC2A1FABCD009538BA /* IncomeRowView.swift */ = {isa = PBXFileReference; lastKnownFileType = sourcecode.swift; path = IncomeRowView.swift; sourceTree = "<group>"; };
		7D3E3CBE2A1FC4FC009538BA /* RowAccountToWatchView.swift */ = {isa = PBXFileReference; lastKnownFileType = sourcecode.swift; path = RowAccountToWatchView.swift; sourceTree = "<group>"; };
		7D3E3CC02A1FC87D009538BA /* RowWatchToAccountView.swift */ = {isa = PBXFileReference; lastKnownFileType = sourcecode.swift; path = RowWatchToAccountView.swift; sourceTree = "<group>"; };
		7D42520E291BE95C0001C41C /* AuthenticationView.swift */ = {isa = PBXFileReference; lastKnownFileType = sourcecode.swift; path = AuthenticationView.swift; sourceTree = "<group>"; };
		7D433CF529385DBB007FA625 /* FinanceController.swift */ = {isa = PBXFileReference; lastKnownFileType = sourcecode.swift; path = FinanceController.swift; sourceTree = "<group>"; };
		7D433CF729386002007FA625 /* FinanceModel.swift */ = {isa = PBXFileReference; lastKnownFileType = sourcecode.swift; path = FinanceModel.swift; sourceTree = "<group>"; };
		7D4A60CC2A2DD0A500F46C1F /* IncomeTypeController.swift */ = {isa = PBXFileReference; lastKnownFileType = sourcecode.swift; path = IncomeTypeController.swift; sourceTree = "<group>"; };
		7D4A60CE2A2DD1B900F46C1F /* IncomeTagController.swift */ = {isa = PBXFileReference; lastKnownFileType = sourcecode.swift; path = IncomeTagController.swift; sourceTree = "<group>"; };
		7D4A60D02A2DFC4E00F46C1F /* AccountTransactionController.swift */ = {isa = PBXFileReference; lastKnownFileType = sourcecode.swift; path = AccountTransactionController.swift; sourceTree = "<group>"; };
		7D4A60D22A2E5FEA00F46C1F /* DictionaryExtension.swift */ = {isa = PBXFileReference; lastKnownFileType = sourcecode.swift; path = DictionaryExtension.swift; sourceTree = "<group>"; };
		7D4E671229F7D4C900EB6B24 /* IncomeDetailView.swift */ = {isa = PBXFileReference; lastKnownFileType = sourcecode.swift; path = IncomeDetailView.swift; sourceTree = "<group>"; };
		7D596277294105A40008A6B9 /* Balance.swift */ = {isa = PBXFileReference; lastKnownFileType = sourcecode.swift; path = Balance.swift; sourceTree = "<group>"; };
		7D5A755F2A04FB11001646A2 /* WatchToAccountView.swift */ = {isa = PBXFileReference; lastKnownFileType = sourcecode.swift; path = WatchToAccountView.swift; sourceTree = "<group>"; };
		7D5B9F92299A896300D0477B /* BalanceCardView.swift */ = {isa = PBXFileReference; lastKnownFileType = sourcecode.swift; path = BalanceCardView.swift; sourceTree = "<group>"; };
		7D5F29102A0FD0B900D365DD /* NetworkMonitor.swift */ = {isa = PBXFileReference; lastKnownFileType = sourcecode.swift; path = NetworkMonitor.swift; sourceTree = "<group>"; };
		7D65547329A107950008A8E2 /* ChartViewModel.swift */ = {isa = PBXFileReference; lastKnownFileType = sourcecode.swift; path = ChartViewModel.swift; sourceTree = "<group>"; };
		7D65547529A107DC0008A8E2 /* ChartData.swift */ = {isa = PBXFileReference; lastKnownFileType = sourcecode.swift; path = ChartData.swift; sourceTree = "<group>"; };
		7D69DD722932312400F024A6 /* ConstantUtils.swift */ = {isa = PBXFileReference; lastKnownFileType = sourcecode.swift; path = ConstantUtils.swift; sourceTree = "<group>"; };
		7D6F885129F8FBFB000AE48A /* IncomeChartView.swift */ = {isa = PBXFileReference; lastKnownFileType = sourcecode.swift; path = IncomeChartView.swift; sourceTree = "<group>"; };
		7D730E1029937D370002E0ED /* OnboardingView.swift */ = {isa = PBXFileReference; lastKnownFileType = sourcecode.swift; path = OnboardingView.swift; sourceTree = "<group>"; };
		7D76290429A385EA00F71D7C /* IncomeTag.swift */ = {isa = PBXFileReference; lastKnownFileType = sourcecode.swift; path = IncomeTag.swift; sourceTree = "<group>"; };
		7D798FF92A3735B2002170E5 /* BarLollipopChartView.swift */ = {isa = PBXFileReference; lastKnownFileType = sourcecode.swift; path = BarLollipopChartView.swift; sourceTree = "<group>"; };
		7D79FA4D291B7430004A2ECF /* net-worth.app */ = {isa = PBXFileReference; explicitFileType = wrapper.application; includeInIndex = 0; path = "net-worth.app"; sourceTree = BUILT_PRODUCTS_DIR; };
		7D79FA50291B7430004A2ECF /* net_worthApp.swift */ = {isa = PBXFileReference; lastKnownFileType = sourcecode.swift; path = net_worthApp.swift; sourceTree = "<group>"; };
		7D79FA54291B7431004A2ECF /* Assets.xcassets */ = {isa = PBXFileReference; lastKnownFileType = folder.assetcatalog; path = Assets.xcassets; sourceTree = "<group>"; };
		7D79FA57291B7431004A2ECF /* Preview Assets.xcassets */ = {isa = PBXFileReference; lastKnownFileType = folder.assetcatalog; path = "Preview Assets.xcassets"; sourceTree = "<group>"; };
		7D79FA5E291B7431004A2ECF /* Info.plist */ = {isa = PBXFileReference; lastKnownFileType = text.plist.xml; path = Info.plist; sourceTree = "<group>"; };
		7D79FA86291B803A004A2ECF /* AccountController.swift */ = {isa = PBXFileReference; lastKnownFileType = sourcecode.swift; path = AccountController.swift; sourceTree = "<group>"; };
		7D79FA89291B9CE6004A2ECF /* MainScreenView.swift */ = {isa = PBXFileReference; lastKnownFileType = sourcecode.swift; path = MainScreenView.swift; sourceTree = "<group>"; };
		7D79FA8B291BA152004A2ECF /* NewAccountView.swift */ = {isa = PBXFileReference; lastKnownFileType = sourcecode.swift; path = NewAccountView.swift; sourceTree = "<group>"; };
		7D7AA908298D8DA2004C9776 /* UserController.swift */ = {isa = PBXFileReference; lastKnownFileType = sourcecode.swift; path = UserController.swift; sourceTree = "<group>"; };
		7D80ECEF291CE0C500A22496 /* LaunchScreen.storyboard */ = {isa = PBXFileReference; lastKnownFileType = file.storyboard; path = LaunchScreen.storyboard; sourceTree = "<group>"; };
		7D85D02F298D29BE0019F85E /* Income.swift */ = {isa = PBXFileReference; lastKnownFileType = sourcecode.swift; path = Income.swift; sourceTree = "<group>"; };
		7D85D031298D2ADD0019F85E /* IncomeViewModel.swift */ = {isa = PBXFileReference; lastKnownFileType = sourcecode.swift; path = IncomeViewModel.swift; sourceTree = "<group>"; };
		7D85D06B298D2D650019F85E /* User.swift */ = {isa = PBXFileReference; lastKnownFileType = sourcecode.swift; path = User.swift; sourceTree = "<group>"; };
		7D921C5D2986835C0014AC9E /* GoogleSiginBtn.swift */ = {isa = PBXFileReference; lastKnownFileType = sourcecode.swift; path = GoogleSiginBtn.swift; sourceTree = "<group>"; };
		7D921C5F298683760014AC9E /* LoginHeader.swift */ = {isa = PBXFileReference; lastKnownFileType = sourcecode.swift; path = LoginHeader.swift; sourceTree = "<group>"; };
		7D921C61298683B30014AC9E /* LoginScreen.swift */ = {isa = PBXFileReference; lastKnownFileType = sourcecode.swift; path = LoginScreen.swift; sourceTree = "<group>"; };
		7D921C65298684790014AC9E /* +View.swift */ = {isa = PBXFileReference; lastKnownFileType = sourcecode.swift; path = "+View.swift"; sourceTree = "<group>"; };
		7D9DF69E2939B80400BE4C9D /* CommonUtils.swift */ = {isa = PBXFileReference; lastKnownFileType = sourcecode.swift; path = CommonUtils.swift; sourceTree = "<group>"; };
		7D9F6F57299CE18000F964EC /* WatchDetailView.swift */ = {isa = PBXFileReference; lastKnownFileType = sourcecode.swift; path = WatchDetailView.swift; sourceTree = "<group>"; };
		7DA63A482995FACA00568FCA /* AccountDetailCardView.swift */ = {isa = PBXFileReference; lastKnownFileType = sourcecode.swift; path = AccountDetailCardView.swift; sourceTree = "<group>"; };
		7DA63A4A2996017D00568FCA /* AccountDetailView.swift */ = {isa = PBXFileReference; lastKnownFileType = sourcecode.swift; path = AccountDetailView.swift; sourceTree = "<group>"; };
		7DB205842A0CEB78001E03D6 /* MainScreenTabBarView.swift */ = {isa = PBXFileReference; lastKnownFileType = sourcecode.swift; path = MainScreenTabBarView.swift; sourceTree = "<group>"; };
		7DB205862A0CF010001E03D6 /* MainScreenTabBarContainerView.swift */ = {isa = PBXFileReference; lastKnownFileType = sourcecode.swift; path = MainScreenTabBarContainerView.swift; sourceTree = "<group>"; };
		7DB205882A0CF347001E03D6 /* MainScreenTabBarItemsPreferenceKey.swift */ = {isa = PBXFileReference; lastKnownFileType = sourcecode.swift; path = MainScreenTabBarItemsPreferenceKey.swift; sourceTree = "<group>"; };
		7DB2058A2A0CF5B6001E03D6 /* MainScreenTabBarItem.swift */ = {isa = PBXFileReference; lastKnownFileType = sourcecode.swift; path = MainScreenTabBarItem.swift; sourceTree = "<group>"; };
		7DB2058C2A0D2E36001E03D6 /* NavigationViewGestureExtension.swift */ = {isa = PBXFileReference; lastKnownFileType = sourcecode.swift; path = NavigationViewGestureExtension.swift; sourceTree = "<group>"; };
		7DB2B0A3299515B800E4B891 /* AccountCardView.swift */ = {isa = PBXFileReference; lastKnownFileType = sourcecode.swift; path = AccountCardView.swift; sourceTree = "<group>"; };
		7DB2B0A5299518A100E4B891 /* AccountCardList.swift */ = {isa = PBXFileReference; lastKnownFileType = sourcecode.swift; path = AccountCardList.swift; sourceTree = "<group>"; };
		7DB2B0A72995638700E4B891 /* TransactionView.swift */ = {isa = PBXFileReference; lastKnownFileType = sourcecode.swift; path = TransactionView.swift; sourceTree = "<group>"; };
		7DB58AB229967AFE00B93592 /* AccountRowView.swift */ = {isa = PBXFileReference; lastKnownFileType = sourcecode.swift; path = AccountRowView.swift; sourceTree = "<group>"; };
		7DB58AB429967B2E00B93592 /* AccountListView.swift */ = {isa = PBXFileReference; lastKnownFileType = sourcecode.swift; path = AccountListView.swift; sourceTree = "<group>"; };
		7DB987FD299B6365004ED6D2 /* Watch.swift */ = {isa = PBXFileReference; lastKnownFileType = sourcecode.swift; path = Watch.swift; sourceTree = "<group>"; };
		7DB987FF299B6420004ED6D2 /* WatchViewModel.swift */ = {isa = PBXFileReference; lastKnownFileType = sourcecode.swift; path = WatchViewModel.swift; sourceTree = "<group>"; };
		7DB98801299B6464004ED6D2 /* WatchController.swift */ = {isa = PBXFileReference; lastKnownFileType = sourcecode.swift; path = WatchController.swift; sourceTree = "<group>"; };
		7DB98803299B682F004ED6D2 /* NewWatchView.swift */ = {isa = PBXFileReference; lastKnownFileType = sourcecode.swift; path = NewWatchView.swift; sourceTree = "<group>"; };
		7DB98805299B708C004ED6D2 /* UpdateWatchView.swift */ = {isa = PBXFileReference; lastKnownFileType = sourcecode.swift; path = UpdateWatchView.swift; sourceTree = "<group>"; };
		7DB98807299B8A99004ED6D2 /* AccountToWatchView.swift */ = {isa = PBXFileReference; lastKnownFileType = sourcecode.swift; path = AccountToWatchView.swift; sourceTree = "<group>"; };
		7DC1C4962A1BBD3F00BE24A7 /* GoogleService-Info.plist */ = {isa = PBXFileReference; fileEncoding = 4; lastKnownFileType = text.plist.xml; path = "GoogleService-Info.plist"; sourceTree = "<group>"; };
		7DC46B4329A4A4B9000E311B /* NewIncomeTypeView.swift */ = {isa = PBXFileReference; lastKnownFileType = sourcecode.swift; path = NewIncomeTypeView.swift; sourceTree = "<group>"; };
		7DC46B4529A4A513000E311B /* IncomeType.swift */ = {isa = PBXFileReference; lastKnownFileType = sourcecode.swift; path = IncomeType.swift; sourceTree = "<group>"; };
		7DC46B4729A4C5A0000E311B /* IncomeTypeView.swift */ = {isa = PBXFileReference; lastKnownFileType = sourcecode.swift; path = IncomeTypeView.swift; sourceTree = "<group>"; };
		7DC46B4929A4C5B0000E311B /* IncomeTagView.swift */ = {isa = PBXFileReference; lastKnownFileType = sourcecode.swift; path = IncomeTagView.swift; sourceTree = "<group>"; };
		7DC97A23292216BB003F69D4 /* SettingsView.swift */ = {isa = PBXFileReference; lastKnownFileType = sourcecode.swift; path = SettingsView.swift; sourceTree = "<group>"; };
		7DC97A2529221990003F69D4 /* SettingsController.swift */ = {isa = PBXFileReference; lastKnownFileType = sourcecode.swift; path = SettingsController.swift; sourceTree = "<group>"; };
		7DC97A27292236FB003F69D4 /* IncomeView.swift */ = {isa = PBXFileReference; lastKnownFileType = sourcecode.swift; path = IncomeView.swift; sourceTree = "<group>"; };
		7DC97A2929223989003F69D4 /* IncomeController.swift */ = {isa = PBXFileReference; lastKnownFileType = sourcecode.swift; path = IncomeController.swift; sourceTree = "<group>"; };
		7DC97A2B29223ADB003F69D4 /* NewIncomeView.swift */ = {isa = PBXFileReference; lastKnownFileType = sourcecode.swift; path = NewIncomeView.swift; sourceTree = "<group>"; };
		7DCA54762A2B5C9E009938E1 /* SingleLineLollipopChartView.swift */ = {isa = PBXFileReference; lastKnownFileType = sourcecode.swift; path = SingleLineLollipopChartView.swift; sourceTree = "<group>"; };
		7DCFE4C7292CB92900C940F0 /* StringExtension.swift */ = {isa = PBXFileReference; lastKnownFileType = sourcecode.swift; path = StringExtension.swift; sourceTree = "<group>"; };
		7DD8E5AB2A0630A000245A98 /* Data.swift */ = {isa = PBXFileReference; lastKnownFileType = sourcecode.swift; path = Data.swift; sourceTree = "<group>"; };
		7DD8E5B22A06339500245A98 /* BackupView.swift */ = {isa = PBXFileReference; lastKnownFileType = sourcecode.swift; path = BackupView.swift; sourceTree = "<group>"; };
		7DD8E5B42A06343A00245A98 /* ImportExportController.swift */ = {isa = PBXFileReference; lastKnownFileType = sourcecode.swift; path = ImportExportController.swift; sourceTree = "<group>"; };
		7DD8E5B62A06369800245A98 /* IncomeTagData.swift */ = {isa = PBXFileReference; lastKnownFileType = sourcecode.swift; path = IncomeTagData.swift; sourceTree = "<group>"; };
		7DD8E5B82A06375F00245A98 /* IncomeTypeData.swift */ = {isa = PBXFileReference; lastKnownFileType = sourcecode.swift; path = IncomeTypeData.swift; sourceTree = "<group>"; };
		7DD8E5BA2A06383200245A98 /* IncomeData.swift */ = {isa = PBXFileReference; lastKnownFileType = sourcecode.swift; path = IncomeData.swift; sourceTree = "<group>"; };
		7DD8E5BC2A06397B00245A98 /* AccountData.swift */ = {isa = PBXFileReference; lastKnownFileType = sourcecode.swift; path = AccountData.swift; sourceTree = "<group>"; };
		7DD8E5BE2A063AA000245A98 /* AccountTransactionData.swift */ = {isa = PBXFileReference; lastKnownFileType = sourcecode.swift; path = AccountTransactionData.swift; sourceTree = "<group>"; };
		7DD8E5C02A06427300245A98 /* WatchData.swift */ = {isa = PBXFileReference; lastKnownFileType = sourcecode.swift; path = WatchData.swift; sourceTree = "<group>"; };
		7DE42FBF2934F69200D4DA0A /* UpdateBalanceAccountView.swift */ = {isa = PBXFileReference; lastKnownFileType = sourcecode.swift; path = UpdateBalanceAccountView.swift; sourceTree = "<group>"; };
		7DE42FC3293524E500D4DA0A /* DateExtension.swift */ = {isa = PBXFileReference; lastKnownFileType = sourcecode.swift; path = DateExtension.swift; sourceTree = "<group>"; };
		7DE766F22928B62900EFBD2D /* NotificationController.swift */ = {isa = PBXFileReference; lastKnownFileType = sourcecode.swift; path = NotificationController.swift; sourceTree = "<group>"; };
		7DEC3B7F2938A38B002E9C8B /* FinanceDetailModel.swift */ = {isa = PBXFileReference; lastKnownFileType = sourcecode.swift; path = FinanceDetailModel.swift; sourceTree = "<group>"; };
		7DF4F39829A3A88400E5C1E1 /* NewIncomeTagView.swift */ = {isa = PBXFileReference; lastKnownFileType = sourcecode.swift; path = NewIncomeTagView.swift; sourceTree = "<group>"; };
		7DF878FD2A0F75B6008343EE /* DefaultCurrencyPicker.swift */ = {isa = PBXFileReference; lastKnownFileType = sourcecode.swift; path = DefaultCurrencyPicker.swift; sourceTree = "<group>"; };
		7DF878FF2A0F7842008343EE /* CurrencyPicker.swift */ = {isa = PBXFileReference; lastKnownFileType = sourcecode.swift; path = CurrencyPicker.swift; sourceTree = "<group>"; };
		7DF879012A0F7872008343EE /* CurrencySelectionRow.swift */ = {isa = PBXFileReference; lastKnownFileType = sourcecode.swift; path = CurrencySelectionRow.swift; sourceTree = "<group>"; };
		7DF8CCF8299F444000267C29 /* WatchView.swift */ = {isa = PBXFileReference; lastKnownFileType = sourcecode.swift; path = WatchView.swift; sourceTree = "<group>"; };
		7DF8CCFC299FB86100267C29 /* AccountChartView.swift */ = {isa = PBXFileReference; lastKnownFileType = sourcecode.swift; path = AccountChartView.swift; sourceTree = "<group>"; };
		7DF9DB90298F978600831494 /* Account.swift */ = {isa = PBXFileReference; lastKnownFileType = sourcecode.swift; path = Account.swift; sourceTree = "<group>"; };
		7DF9DB92298F98A800831494 /* AccountViewModel.swift */ = {isa = PBXFileReference; lastKnownFileType = sourcecode.swift; path = AccountViewModel.swift; sourceTree = "<group>"; };
		7DF9DB94298F9C2600831494 /* AccountTransaction.swift */ = {isa = PBXFileReference; lastKnownFileType = sourcecode.swift; path = AccountTransaction.swift; sourceTree = "<group>"; };
		EF5EF456C574539AF6CA64AD /* Pods-net-worth.release.xcconfig */ = {isa = PBXFileReference; includeInIndex = 1; lastKnownFileType = text.xcconfig; name = "Pods-net-worth.release.xcconfig"; path = "Target Support Files/Pods-net-worth/Pods-net-worth.release.xcconfig"; sourceTree = "<group>"; };
/* End PBXFileReference section */

/* Begin PBXFrameworksBuildPhase section */
		7D79FA4A291B7430004A2ECF /* Frameworks */ = {
			isa = PBXFrameworksBuildPhase;
			buildActionMask = 2147483647;
			files = (
				7D921C522986801E0014AC9E /* FirebaseAuth in Frameworks */,
				7D85D068298D2CCF0019F85E /* FirebaseFirestore in Frameworks */,
				7D921C55298681BC0014AC9E /* GoogleSignIn in Frameworks */,
				7D921C57298681BC0014AC9E /* GoogleSignInSwift in Frameworks */,
				7D85D06A298D2CCF0019F85E /* FirebaseFirestoreSwift in Frameworks */,
			);
			runOnlyForDeploymentPostprocessing = 0;
		};
/* End PBXFrameworksBuildPhase section */

/* Begin PBXGroup section */
		3516CB7AD10B24B4F06946C5 /* Pods */ = {
			isa = PBXGroup;
			children = (
				2B45DF998FDF5AAD9DFFCB01 /* Pods-net-worth.debug.xcconfig */,
				EF5EF456C574539AF6CA64AD /* Pods-net-worth.release.xcconfig */,
			);
			path = Pods;
			sourceTree = "<group>";
		};
		7D0D14B82937228A00AC30A3 /* Model */ = {
			isa = PBXGroup;
			children = (
				7D2D38402A2C8945006C0AD2 /* ApplicationData.swift */,
				7D596277294105A40008A6B9 /* Balance.swift */,
				7DEC3B7F2938A38B002E9C8B /* FinanceDetailModel.swift */,
				7D433CF729386002007FA625 /* FinanceModel.swift */,
				7DD8E5AD2A06310A00245A98 /* Backup */,
				7D4FF8032A1BBAE90060CE44 /* FirebaseModel */,
			);
			path = Model;
			sourceTree = "<group>";
		};
		7D237BEB292B670D00DEF91D /* Extension */ = {
			isa = PBXGroup;
			children = (
				7D2C761F2A0B5B8900CE606C /* Color.swift */,
				7DE42FC3293524E500D4DA0A /* DateExtension.swift */,
				7D4A60D22A2E5FEA00F46C1F /* DictionaryExtension.swift */,
				7D237BEC292B672800DEF91D /* DoubleExtension.swift */,
				7DB2058C2A0D2E36001E03D6 /* NavigationViewGestureExtension.swift */,
				7DCFE4C7292CB92900C940F0 /* StringExtension.swift */,
			);
			path = Extension;
			sourceTree = "<group>";
		};
		7D2461162A335AA800693BA5 /* Component */ = {
			isa = PBXGroup;
			children = (
				7D2461172A335ABF00693BA5 /* LoadingView.swift */,
				7D2461192A335C8600693BA5 /* EmptyView.swift */,
			);
			path = Component;
			sourceTree = "<group>";
		};
		7D4FF8032A1BBAE90060CE44 /* FirebaseModel */ = {
			isa = PBXGroup;
			children = (
				7DF9DB90298F978600831494 /* Account.swift */,
				7DF9DB94298F9C2600831494 /* AccountTransaction.swift */,
				7D65547529A107DC0008A8E2 /* ChartData.swift */,
				7D85D02F298D29BE0019F85E /* Income.swift */,
				7D76290429A385EA00F71D7C /* IncomeTag.swift */,
				7DC46B4529A4A513000E311B /* IncomeType.swift */,
				7D85D06B298D2D650019F85E /* User.swift */,
				7DB987FD299B6365004ED6D2 /* Watch.swift */,
			);
			path = FirebaseModel;
			sourceTree = "<group>";
		};
		7D69DD6F293230FF00F024A6 /* Common */ = {
			isa = PBXGroup;
			children = (
				7D9DF69E2939B80400BE4C9D /* CommonUtils.swift */,
				7D69DD722932312400F024A6 /* ConstantUtils.swift */,
				7D0D14B82937228A00AC30A3 /* Model */,
			);
			path = Common;
			sourceTree = "<group>";
		};
		7D79FA44291B7430004A2ECF = {
			isa = PBXGroup;
			children = (
				7D80ECEF291CE0C500A22496 /* LaunchScreen.storyboard */,
				7D79FA4F291B7430004A2ECF /* net-worth */,
				3516CB7AD10B24B4F06946C5 /* Pods */,
				7D79FA4E291B7430004A2ECF /* Products */,
			);
			sourceTree = "<group>";
		};
		7D79FA4E291B7430004A2ECF /* Products */ = {
			isa = PBXGroup;
			children = (
				7D79FA4D291B7430004A2ECF /* net-worth.app */,
			);
			name = Products;
			sourceTree = "<group>";
		};
		7D79FA4F291B7430004A2ECF /* net-worth */ = {
			isa = PBXGroup;
			children = (
				7DC1C4962A1BBD3F00BE24A7 /* GoogleService-Info.plist */,
				7D79FA5E291B7431004A2ECF /* Info.plist */,
				7D79FA50291B7430004A2ECF /* net_worthApp.swift */,
				7D69DD6F293230FF00F024A6 /* Common */,
				7D79FA83291B7EC2004A2ECF /* Controller */,
				7D237BEB292B670D00DEF91D /* Extension */,
				7D79FA56291B7431004A2ECF /* Preview Content */,
				7D79FA88291B9C6E004A2ECF /* View */,
				7D79FA80291B75CB004A2ECF /* View Model */,
			);
			path = "net-worth";
			sourceTree = "<group>";
		};
		7D79FA56291B7431004A2ECF /* Preview Content */ = {
			isa = PBXGroup;
			children = (
				7D79FA54291B7431004A2ECF /* Assets.xcassets */,
				7D79FA57291B7431004A2ECF /* Preview Assets.xcassets */,
			);
			path = "Preview Content";
			sourceTree = "<group>";
		};
		7D79FA80291B75CB004A2ECF /* View Model */ = {
			isa = PBXGroup;
			children = (
				7DF9DB92298F98A800831494 /* AccountViewModel.swift */,
				7D65547329A107950008A8E2 /* ChartViewModel.swift */,
				7D1C72632A06549B00022FCB /* ImportExportViewModel.swift */,
				7D85D031298D2ADD0019F85E /* IncomeViewModel.swift */,
				7DB987FF299B6420004ED6D2 /* WatchViewModel.swift */,
			);
			path = "View Model";
			sourceTree = "<group>";
		};
		7D79FA83291B7EC2004A2ECF /* Controller */ = {
			isa = PBXGroup;
			children = (
				7D79FA86291B803A004A2ECF /* AccountController.swift */,
				7D4A60D02A2DFC4E00F46C1F /* AccountTransactionController.swift */,
				7D3D5243299105A50021047B /* CommonController.swift */,
				7D433CF529385DBB007FA625 /* FinanceController.swift */,
				7DD8E5B42A06343A00245A98 /* ImportExportController.swift */,
				7DC97A2929223989003F69D4 /* IncomeController.swift */,
				7D4A60CE2A2DD1B900F46C1F /* IncomeTagController.swift */,
				7D4A60CC2A2DD0A500F46C1F /* IncomeTypeController.swift */,
				7D5F29102A0FD0B900D365DD /* NetworkMonitor.swift */,
				7DE766F22928B62900EFBD2D /* NotificationController.swift */,
				7DC97A2529221990003F69D4 /* SettingsController.swift */,
				7D7AA908298D8DA2004C9776 /* UserController.swift */,
				7DB98801299B6464004ED6D2 /* WatchController.swift */,
			);
			path = Controller;
			sourceTree = "<group>";
		};
		7D79FA88291B9C6E004A2ECF /* View */ = {
			isa = PBXGroup;
			children = (
				7D2461162A335AA800693BA5 /* Component */,
				7DD7A56C29224C1200CD5B37 /* AccountView */,
				7DF83F902A094F3300D3233B /* ChartView */,
				7DD7A56B29224BFD00CD5B37 /* IncomeView */,
				7D921C58298682FB0014AC9E /* LoginView */,
				7D87CEF62A0E0475007C1C76 /* MainScreenTabBarView */,
				7DAC70A7294086420033050C /* OtherView */,
				7DD7A56D29224C1D00CD5B37 /* SettingsView */,
				7DF8CCFB299F445300267C29 /* WatchView */,
			);
			path = View;
			sourceTree = "<group>";
		};
		7D87CEF62A0E0475007C1C76 /* MainScreenTabBarView */ = {
			isa = PBXGroup;
			children = (
				7DB205862A0CF010001E03D6 /* MainScreenTabBarContainerView.swift */,
				7DB2058A2A0CF5B6001E03D6 /* MainScreenTabBarItem.swift */,
				7DB205882A0CF347001E03D6 /* MainScreenTabBarItemsPreferenceKey.swift */,
				7DB205842A0CEB78001E03D6 /* MainScreenTabBarView.swift */,
			);
			path = MainScreenTabBarView;
			sourceTree = "<group>";
		};
		7D921C58298682FB0014AC9E /* LoginView */ = {
			isa = PBXGroup;
			children = (
				7D921C65298684790014AC9E /* +View.swift */,
				7D921C5D2986835C0014AC9E /* GoogleSiginBtn.swift */,
				7D921C5F298683760014AC9E /* LoginHeader.swift */,
				7D921C61298683B30014AC9E /* LoginScreen.swift */,
			);
			path = LoginView;
			sourceTree = "<group>";
		};
		7DAC70A7294086420033050C /* OtherView */ = {
			isa = PBXGroup;
			children = (
				7D42520E291BE95C0001C41C /* AuthenticationView.swift */,
				7DD8E5B22A06339500245A98 /* BackupView.swift */,
				7DF878FF2A0F7842008343EE /* CurrencyPicker.swift */,
				7DF879012A0F7872008343EE /* CurrencySelectionRow.swift */,
				7DF878FD2A0F75B6008343EE /* DefaultCurrencyPicker.swift */,
				7D79FA89291B9CE6004A2ECF /* MainScreenView.swift */,
				7D730E1029937D370002E0ED /* OnboardingView.swift */,
			);
			path = OtherView;
			sourceTree = "<group>";
		};
		7DCA54752A2B5C8E009938E1 /* Chart */ = {
			isa = PBXGroup;
			children = (
				7DCA54762A2B5C9E009938E1 /* SingleLineLollipopChartView.swift */,
				7D798FF92A3735B2002170E5 /* BarLollipopChartView.swift */,
			);
			path = Chart;
			sourceTree = "<group>";
		};
		7DD7A56B29224BFD00CD5B37 /* IncomeView */ = {
			isa = PBXGroup;
			children = (
				7D4E671229F7D4C900EB6B24 /* IncomeDetailView.swift */,
				7D3E3CBC2A1FABCD009538BA /* IncomeRowView.swift */,
				7DC46B4929A4C5B0000E311B /* IncomeTagView.swift */,
				7DC46B4729A4C5A0000E311B /* IncomeTypeView.swift */,
				7DC97A27292236FB003F69D4 /* IncomeView.swift */,
				7DF4F39829A3A88400E5C1E1 /* NewIncomeTagView.swift */,
				7DC46B4329A4A4B9000E311B /* NewIncomeTypeView.swift */,
				7DC97A2B29223ADB003F69D4 /* NewIncomeView.swift */,
			);
			path = IncomeView;
			sourceTree = "<group>";
		};
		7DD7A56C29224C1200CD5B37 /* AccountView */ = {
			isa = PBXGroup;
			children = (
				7DB2B0A5299518A100E4B891 /* AccountCardList.swift */,
				7DB2B0A3299515B800E4B891 /* AccountCardView.swift */,
				7DF8CCFC299FB86100267C29 /* AccountChartView.swift */,
				7DA63A482995FACA00568FCA /* AccountDetailCardView.swift */,
				7DA63A4A2996017D00568FCA /* AccountDetailView.swift */,
				7DB58AB429967B2E00B93592 /* AccountListView.swift */,
				7DB58AB229967AFE00B93592 /* AccountRowView.swift */,
				7D1188352A03F3000005EA32 /* AccountWatchView.swift */,
				7D5B9F92299A896300D0477B /* BalanceCardView.swift */,
				7D79FA8B291BA152004A2ECF /* NewAccountView.swift */,
				7D3E3CC02A1FC87D009538BA /* RowWatchToAccountView.swift */,
				7DB2B0A72995638700E4B891 /* TransactionView.swift */,
				7DE42FBF2934F69200D4DA0A /* UpdateBalanceAccountView.swift */,
				7D5A755F2A04FB11001646A2 /* WatchToAccountView.swift */,
			);
			path = AccountView;
			sourceTree = "<group>";
		};
		7DD7A56D29224C1D00CD5B37 /* SettingsView */ = {
			isa = PBXGroup;
			children = (
				7D3636FA292F9CCB0013B4E5 /* NotificationsView.swift */,
				7DC97A23292216BB003F69D4 /* SettingsView.swift */,
			);
			path = SettingsView;
			sourceTree = "<group>";
		};
		7DD8E5AD2A06310A00245A98 /* Backup */ = {
			isa = PBXGroup;
			children = (
				7DD8E5BC2A06397B00245A98 /* AccountData.swift */,
				7DD8E5BE2A063AA000245A98 /* AccountTransactionData.swift */,
				7DD8E5AB2A0630A000245A98 /* Data.swift */,
				7DD8E5BA2A06383200245A98 /* IncomeData.swift */,
				7DD8E5B62A06369800245A98 /* IncomeTagData.swift */,
				7DD8E5B82A06375F00245A98 /* IncomeTypeData.swift */,
				7DD8E5C02A06427300245A98 /* WatchData.swift */,
			);
			path = Backup;
			sourceTree = "<group>";
		};
		7DF83F902A094F3300D3233B /* ChartView */ = {
			isa = PBXGroup;
			children = (
				7D14A8EF2A0253A9002FC324 /* AccountWatchChartView.swift */,
				7D11D0082A0A59F600897B08 /* ChartView.swift */,
				7D6F885129F8FBFB000AE48A /* IncomeChartView.swift */,
				7D111E742A25C21B00485DB1 /* NetWorthChartView.swift */,
				7D11D0062A0A56D700897B08 /* PieChartView.swift */,
				7D11D0042A0A551300897B08 /* PieSliceView.swift */,
				7DCA54752A2B5C8E009938E1 /* Chart */,
			);
			path = ChartView;
			sourceTree = "<group>";
		};
		7DF8CCFB299F445300267C29 /* WatchView */ = {
			isa = PBXGroup;
			children = (
				7DB98807299B8A99004ED6D2 /* AccountToWatchView.swift */,
				7DB98803299B682F004ED6D2 /* NewWatchView.swift */,
				7D3E3CBE2A1FC4FC009538BA /* RowAccountToWatchView.swift */,
				7DB98805299B708C004ED6D2 /* UpdateWatchView.swift */,
				7D9F6F57299CE18000F964EC /* WatchDetailView.swift */,
				7DF8CCF8299F444000267C29 /* WatchView.swift */,
			);
			path = WatchView;
			sourceTree = "<group>";
		};
/* End PBXGroup section */

/* Begin PBXNativeTarget section */
		7D79FA4C291B7430004A2ECF /* net-worth */ = {
			isa = PBXNativeTarget;
			buildConfigurationList = 7D79FA77291B7432004A2ECF /* Build configuration list for PBXNativeTarget "net-worth" */;
			buildPhases = (
				CF425DA91CB92B2DF48B1207 /* [CP] Check Pods Manifest.lock */,
				7D79FA49291B7430004A2ECF /* Sources */,
				7D79FA4A291B7430004A2ECF /* Frameworks */,
				7D79FA4B291B7430004A2ECF /* Resources */,
			);
			buildRules = (
			);
			dependencies = (
			);
			name = "net-worth";
			packageProductDependencies = (
				7D921C512986801E0014AC9E /* FirebaseAuth */,
				7D921C54298681BC0014AC9E /* GoogleSignIn */,
				7D921C56298681BC0014AC9E /* GoogleSignInSwift */,
				7D85D067298D2CCF0019F85E /* FirebaseFirestore */,
				7D85D069298D2CCF0019F85E /* FirebaseFirestoreSwift */,
			);
			productName = "net-worth";
			productReference = 7D79FA4D291B7430004A2ECF /* net-worth.app */;
			productType = "com.apple.product-type.application";
		};
/* End PBXNativeTarget section */

/* Begin PBXProject section */
		7D79FA45291B7430004A2ECF /* Project object */ = {
			isa = PBXProject;
			attributes = {
				BuildIndependentTargetsInParallel = 1;
				LastSwiftUpdateCheck = 1410;
				LastUpgradeCheck = 1410;
				TargetAttributes = {
					7D79FA4C291B7430004A2ECF = {
						CreatedOnToolsVersion = 14.1;
					};
				};
			};
			buildConfigurationList = 7D79FA48291B7430004A2ECF /* Build configuration list for PBXProject "net-worth" */;
			compatibilityVersion = "Xcode 14.0";
			developmentRegion = en;
			hasScannedForEncodings = 0;
			knownRegions = (
				en,
				Base,
			);
			mainGroup = 7D79FA44291B7430004A2ECF;
			packageReferences = (
				7D921C502986801E0014AC9E /* XCRemoteSwiftPackageReference "firebase-ios-sdk" */,
				7D921C53298681BC0014AC9E /* XCRemoteSwiftPackageReference "GoogleSignIn-iOS" */,
			);
			productRefGroup = 7D79FA4E291B7430004A2ECF /* Products */;
			projectDirPath = "";
			projectRoot = "";
			targets = (
				7D79FA4C291B7430004A2ECF /* net-worth */,
			);
		};
/* End PBXProject section */

/* Begin PBXResourcesBuildPhase section */
		7D79FA4B291B7430004A2ECF /* Resources */ = {
			isa = PBXResourcesBuildPhase;
			buildActionMask = 2147483647;
			files = (
				7D80ECF0291CE0C500A22496 /* LaunchScreen.storyboard in Resources */,
				7DC1C4972A1BBD3F00BE24A7 /* GoogleService-Info.plist in Resources */,
				7D79FA58291B7431004A2ECF /* Preview Assets.xcassets in Resources */,
				7D79FA55291B7431004A2ECF /* Assets.xcassets in Resources */,
			);
			runOnlyForDeploymentPostprocessing = 0;
		};
/* End PBXResourcesBuildPhase section */

/* Begin PBXShellScriptBuildPhase section */
		CF425DA91CB92B2DF48B1207 /* [CP] Check Pods Manifest.lock */ = {
			isa = PBXShellScriptBuildPhase;
			buildActionMask = 2147483647;
			files = (
			);
			inputFileListPaths = (
			);
			inputPaths = (
				"${PODS_PODFILE_DIR_PATH}/Podfile.lock",
				"${PODS_ROOT}/Manifest.lock",
			);
			name = "[CP] Check Pods Manifest.lock";
			outputFileListPaths = (
			);
			outputPaths = (
				"$(DERIVED_FILE_DIR)/Pods-net-worth-checkManifestLockResult.txt",
			);
			runOnlyForDeploymentPostprocessing = 0;
			shellPath = /bin/sh;
			shellScript = "diff \"${PODS_PODFILE_DIR_PATH}/Podfile.lock\" \"${PODS_ROOT}/Manifest.lock\" > /dev/null\nif [ $? != 0 ] ; then\n    # print error to STDERR\n    echo \"error: The sandbox is not in sync with the Podfile.lock. Run 'pod install' or update your CocoaPods installation.\" >&2\n    exit 1\nfi\n# This output is used by Xcode 'outputs' to avoid re-running this script phase.\necho \"SUCCESS\" > \"${SCRIPT_OUTPUT_FILE_0}\"\n";
			showEnvVarsInLog = 0;
		};
/* End PBXShellScriptBuildPhase section */

/* Begin PBXSourcesBuildPhase section */
		7D79FA49291B7430004A2ECF /* Sources */ = {
			isa = PBXSourcesBuildPhase;
			buildActionMask = 2147483647;
			files = (
				7D11D0072A0A56D700897B08 /* PieChartView.swift in Sources */,
				7DB98804299B682F004ED6D2 /* NewWatchView.swift in Sources */,
				7DE766F32928B62900EFBD2D /* NotificationController.swift in Sources */,
				7DF9DB91298F978600831494 /* Account.swift in Sources */,
				7DD8E5B52A06343A00245A98 /* ImportExportController.swift in Sources */,
				7D4A60D32A2E5FEA00F46C1F /* DictionaryExtension.swift in Sources */,
				7DD8E5BF2A063AA000245A98 /* AccountTransactionData.swift in Sources */,
				7D5A75602A04FB11001646A2 /* WatchToAccountView.swift in Sources */,
				7DB58AB529967B2E00B93592 /* AccountListView.swift in Sources */,
				7D14A8F02A0253A9002FC324 /* AccountWatchChartView.swift in Sources */,
				7D3E3CBF2A1FC4FC009538BA /* RowAccountToWatchView.swift in Sources */,
				7D2C76202A0B5B8900CE606C /* Color.swift in Sources */,
				7D65547629A107DC0008A8E2 /* ChartData.swift in Sources */,
				7DB98808299B8A99004ED6D2 /* AccountToWatchView.swift in Sources */,
				7DC97A2C29223ADB003F69D4 /* NewIncomeView.swift in Sources */,
				7DCA54772A2B5C9E009938E1 /* SingleLineLollipopChartView.swift in Sources */,
				7DF9DB95298F9C2600831494 /* AccountTransaction.swift in Sources */,
				7DEC3B802938A38B002E9C8B /* FinanceDetailModel.swift in Sources */,
				7DC46B4429A4A4B9000E311B /* NewIncomeTypeView.swift in Sources */,
				7D596278294105A40008A6B9 /* Balance.swift in Sources */,
				7D6F885229F8FBFB000AE48A /* IncomeChartView.swift in Sources */,
				7DD8E5AC2A0630A000245A98 /* Data.swift in Sources */,
				7DD8E5BB2A06383200245A98 /* IncomeData.swift in Sources */,
				7D921C66298684790014AC9E /* +View.swift in Sources */,
				7D4A60D12A2DFC4E00F46C1F /* AccountTransactionController.swift in Sources */,
				7DB205852A0CEB78001E03D6 /* MainScreenTabBarView.swift in Sources */,
				7DD8E5C12A06427300245A98 /* WatchData.swift in Sources */,
				7DA63A492995FACA00568FCA /* AccountDetailCardView.swift in Sources */,
				7DF878FE2A0F75B6008343EE /* DefaultCurrencyPicker.swift in Sources */,
				7D433CF629385DBB007FA625 /* FinanceController.swift in Sources */,
				7D11D0052A0A551300897B08 /* PieSliceView.swift in Sources */,
				7D5B9F93299A896300D0477B /* BalanceCardView.swift in Sources */,
				7D7AA909298D8DA2004C9776 /* UserController.swift in Sources */,
				7DF8CCFD299FB86100267C29 /* AccountChartView.swift in Sources */,
				7DC46B4829A4C5A0000E311B /* IncomeTypeView.swift in Sources */,
				7D9F6F58299CE18000F964EC /* WatchDetailView.swift in Sources */,
				7D3636FB292F9CCB0013B4E5 /* NotificationsView.swift in Sources */,
				7D5F29112A0FD0B900D365DD /* NetworkMonitor.swift in Sources */,
				7D1C72642A06549B00022FCB /* ImportExportViewModel.swift in Sources */,
				7DC97A28292236FB003F69D4 /* IncomeView.swift in Sources */,
				7DB2B0A4299515B800E4B891 /* AccountCardView.swift in Sources */,
				7D3E3CBD2A1FABCD009538BA /* IncomeRowView.swift in Sources */,
				7DE42FC4293524E500D4DA0A /* DateExtension.swift in Sources */,
				7DC97A2629221990003F69D4 /* SettingsController.swift in Sources */,
				7DB98806299B708C004ED6D2 /* UpdateWatchView.swift in Sources */,
				7D79FA8A291B9CE6004A2ECF /* MainScreenView.swift in Sources */,
				7D921C5E2986835C0014AC9E /* GoogleSiginBtn.swift in Sources */,
				7DF879002A0F7842008343EE /* CurrencyPicker.swift in Sources */,
				7D1188362A03F3000005EA32 /* AccountWatchView.swift in Sources */,
				7D4A60CF2A2DD1B900F46C1F /* IncomeTagController.swift in Sources */,
				7D3D5244299105A50021047B /* CommonController.swift in Sources */,
				7D3E3CC12A1FC87D009538BA /* RowWatchToAccountView.swift in Sources */,
				7DB205892A0CF347001E03D6 /* MainScreenTabBarItemsPreferenceKey.swift in Sources */,
				7D85D030298D29BE0019F85E /* Income.swift in Sources */,
				7DB58AB329967AFE00B93592 /* AccountRowView.swift in Sources */,
				7D4A60CD2A2DD0A500F46C1F /* IncomeTypeController.swift in Sources */,
				7DD8E5B72A06369800245A98 /* IncomeTagData.swift in Sources */,
				7D76290529A385EA00F71D7C /* IncomeTag.swift in Sources */,
				7D921C62298683B30014AC9E /* LoginScreen.swift in Sources */,
				7D85D06C298D2D650019F85E /* User.swift in Sources */,
				7DF879022A0F7872008343EE /* CurrencySelectionRow.swift in Sources */,
				7DD8E5B32A06339500245A98 /* BackupView.swift in Sources */,
				7DB98802299B6464004ED6D2 /* WatchController.swift in Sources */,
				7DB987FE299B6365004ED6D2 /* Watch.swift in Sources */,
				7D79FA87291B803A004A2ECF /* AccountController.swift in Sources */,
				7DC46B4A29A4C5B0000E311B /* IncomeTagView.swift in Sources */,
				7DF8CCF9299F444000267C29 /* WatchView.swift in Sources */,
				7DF4F39929A3A88400E5C1E1 /* NewIncomeTagView.swift in Sources */,
				7D85D032298D2ADD0019F85E /* IncomeViewModel.swift in Sources */,
				7DE42FC02934F69200D4DA0A /* UpdateBalanceAccountView.swift in Sources */,
				7D9DF69F2939B80400BE4C9D /* CommonUtils.swift in Sources */,
				7DC97A2A29223989003F69D4 /* IncomeController.swift in Sources */,
				7DB98800299B6420004ED6D2 /* WatchViewModel.swift in Sources */,
				7DD8E5B92A06375F00245A98 /* IncomeTypeData.swift in Sources */,
				7DB2B0A82995638700E4B891 /* TransactionView.swift in Sources */,
				7DC97A24292216BB003F69D4 /* SettingsView.swift in Sources */,
				7DCFE4C8292CB92900C940F0 /* StringExtension.swift in Sources */,
				7DF9DB93298F98A800831494 /* AccountViewModel.swift in Sources */,
				7DB2B0A6299518A100E4B891 /* AccountCardList.swift in Sources */,
				7DB2058B2A0CF5B6001E03D6 /* MainScreenTabBarItem.swift in Sources */,
				7D921C60298683760014AC9E /* LoginHeader.swift in Sources */,
				7DB2058D2A0D2E36001E03D6 /* NavigationViewGestureExtension.swift in Sources */,
				7DC46B4629A4A513000E311B /* IncomeType.swift in Sources */,
				7D79FA8C291BA152004A2ECF /* NewAccountView.swift in Sources */,
				7D2D38412A2C8945006C0AD2 /* ApplicationData.swift in Sources */,
				7D433CF829386002007FA625 /* FinanceModel.swift in Sources */,
				7D798FFA2A3735B2002170E5 /* BarLollipopChartView.swift in Sources */,
				7D730E1129937D370002E0ED /* OnboardingView.swift in Sources */,
				7D69DD732932312400F024A6 /* ConstantUtils.swift in Sources */,
				7D111E752A25C21B00485DB1 /* NetWorthChartView.swift in Sources */,
				7D237BED292B672900DEF91D /* DoubleExtension.swift in Sources */,
				7D42520F291BE95C0001C41C /* AuthenticationView.swift in Sources */,
				7DB205872A0CF010001E03D6 /* MainScreenTabBarContainerView.swift in Sources */,
				7DD8E5BD2A06397B00245A98 /* AccountData.swift in Sources */,
				7D11D0092A0A59F600897B08 /* ChartView.swift in Sources */,
				7D65547429A107950008A8E2 /* ChartViewModel.swift in Sources */,
				7D4E671329F7D4C900EB6B24 /* IncomeDetailView.swift in Sources */,
				7D24611A2A335C8600693BA5 /* EmptyView.swift in Sources */,
				7DA63A4B2996017D00568FCA /* AccountDetailView.swift in Sources */,
				7D79FA51291B7430004A2ECF /* net_worthApp.swift in Sources */,
				7D2461182A335ABF00693BA5 /* LoadingView.swift in Sources */,
			);
			runOnlyForDeploymentPostprocessing = 0;
		};
/* End PBXSourcesBuildPhase section */

/* Begin XCBuildConfiguration section */
		7D79FA75291B7432004A2ECF /* Debug */ = {
			isa = XCBuildConfiguration;
			buildSettings = {
				ALWAYS_SEARCH_USER_PATHS = NO;
				CLANG_ANALYZER_NONNULL = YES;
				CLANG_ANALYZER_NUMBER_OBJECT_CONVERSION = YES_AGGRESSIVE;
				CLANG_CXX_LANGUAGE_STANDARD = "gnu++20";
				CLANG_ENABLE_MODULES = YES;
				CLANG_ENABLE_OBJC_ARC = YES;
				CLANG_ENABLE_OBJC_WEAK = YES;
				CLANG_WARN_BLOCK_CAPTURE_AUTORELEASING = YES;
				CLANG_WARN_BOOL_CONVERSION = YES;
				CLANG_WARN_COMMA = YES;
				CLANG_WARN_CONSTANT_CONVERSION = YES;
				CLANG_WARN_DEPRECATED_OBJC_IMPLEMENTATIONS = YES;
				CLANG_WARN_DIRECT_OBJC_ISA_USAGE = YES_ERROR;
				CLANG_WARN_DOCUMENTATION_COMMENTS = YES;
				CLANG_WARN_EMPTY_BODY = YES;
				CLANG_WARN_ENUM_CONVERSION = YES;
				CLANG_WARN_INFINITE_RECURSION = YES;
				CLANG_WARN_INT_CONVERSION = YES;
				CLANG_WARN_NON_LITERAL_NULL_CONVERSION = YES;
				CLANG_WARN_OBJC_IMPLICIT_RETAIN_SELF = YES;
				CLANG_WARN_OBJC_LITERAL_CONVERSION = YES;
				CLANG_WARN_OBJC_ROOT_CLASS = YES_ERROR;
				CLANG_WARN_QUOTED_INCLUDE_IN_FRAMEWORK_HEADER = YES;
				CLANG_WARN_RANGE_LOOP_ANALYSIS = YES;
				CLANG_WARN_STRICT_PROTOTYPES = YES;
				CLANG_WARN_SUSPICIOUS_MOVE = YES;
				CLANG_WARN_UNGUARDED_AVAILABILITY = YES_AGGRESSIVE;
				CLANG_WARN_UNREACHABLE_CODE = YES;
				CLANG_WARN__DUPLICATE_METHOD_MATCH = YES;
				COPY_PHASE_STRIP = NO;
				DEBUG_INFORMATION_FORMAT = dwarf;
				ENABLE_STRICT_OBJC_MSGSEND = YES;
				ENABLE_TESTABILITY = YES;
				GCC_C_LANGUAGE_STANDARD = gnu11;
				GCC_DYNAMIC_NO_PIC = NO;
				GCC_NO_COMMON_BLOCKS = YES;
				GCC_OPTIMIZATION_LEVEL = 0;
				GCC_PREPROCESSOR_DEFINITIONS = (
					"DEBUG=1",
					"$(inherited)",
				);
				GCC_WARN_64_TO_32_BIT_CONVERSION = YES;
				GCC_WARN_ABOUT_RETURN_TYPE = YES_ERROR;
				GCC_WARN_UNDECLARED_SELECTOR = YES;
				GCC_WARN_UNINITIALIZED_AUTOS = YES_AGGRESSIVE;
				GCC_WARN_UNUSED_FUNCTION = YES;
				GCC_WARN_UNUSED_VARIABLE = YES;
				IPHONEOS_DEPLOYMENT_TARGET = 16.1;
				MTL_ENABLE_DEBUG_INFO = INCLUDE_SOURCE;
				MTL_FAST_MATH = YES;
				ONLY_ACTIVE_ARCH = YES;
				SDKROOT = iphoneos;
				SWIFT_ACTIVE_COMPILATION_CONDITIONS = DEBUG;
				SWIFT_OPTIMIZATION_LEVEL = "-Onone";
			};
			name = Debug;
		};
		7D79FA76291B7432004A2ECF /* Release */ = {
			isa = XCBuildConfiguration;
			buildSettings = {
				ALWAYS_SEARCH_USER_PATHS = NO;
				CLANG_ANALYZER_NONNULL = YES;
				CLANG_ANALYZER_NUMBER_OBJECT_CONVERSION = YES_AGGRESSIVE;
				CLANG_CXX_LANGUAGE_STANDARD = "gnu++20";
				CLANG_ENABLE_MODULES = YES;
				CLANG_ENABLE_OBJC_ARC = YES;
				CLANG_ENABLE_OBJC_WEAK = YES;
				CLANG_WARN_BLOCK_CAPTURE_AUTORELEASING = YES;
				CLANG_WARN_BOOL_CONVERSION = YES;
				CLANG_WARN_COMMA = YES;
				CLANG_WARN_CONSTANT_CONVERSION = YES;
				CLANG_WARN_DEPRECATED_OBJC_IMPLEMENTATIONS = YES;
				CLANG_WARN_DIRECT_OBJC_ISA_USAGE = YES_ERROR;
				CLANG_WARN_DOCUMENTATION_COMMENTS = YES;
				CLANG_WARN_EMPTY_BODY = YES;
				CLANG_WARN_ENUM_CONVERSION = YES;
				CLANG_WARN_INFINITE_RECURSION = YES;
				CLANG_WARN_INT_CONVERSION = YES;
				CLANG_WARN_NON_LITERAL_NULL_CONVERSION = YES;
				CLANG_WARN_OBJC_IMPLICIT_RETAIN_SELF = YES;
				CLANG_WARN_OBJC_LITERAL_CONVERSION = YES;
				CLANG_WARN_OBJC_ROOT_CLASS = YES_ERROR;
				CLANG_WARN_QUOTED_INCLUDE_IN_FRAMEWORK_HEADER = YES;
				CLANG_WARN_RANGE_LOOP_ANALYSIS = YES;
				CLANG_WARN_STRICT_PROTOTYPES = YES;
				CLANG_WARN_SUSPICIOUS_MOVE = YES;
				CLANG_WARN_UNGUARDED_AVAILABILITY = YES_AGGRESSIVE;
				CLANG_WARN_UNREACHABLE_CODE = YES;
				CLANG_WARN__DUPLICATE_METHOD_MATCH = YES;
				COPY_PHASE_STRIP = NO;
				DEBUG_INFORMATION_FORMAT = "dwarf-with-dsym";
				ENABLE_NS_ASSERTIONS = NO;
				ENABLE_STRICT_OBJC_MSGSEND = YES;
				GCC_C_LANGUAGE_STANDARD = gnu11;
				GCC_NO_COMMON_BLOCKS = YES;
				GCC_WARN_64_TO_32_BIT_CONVERSION = YES;
				GCC_WARN_ABOUT_RETURN_TYPE = YES_ERROR;
				GCC_WARN_UNDECLARED_SELECTOR = YES;
				GCC_WARN_UNINITIALIZED_AUTOS = YES_AGGRESSIVE;
				GCC_WARN_UNUSED_FUNCTION = YES;
				GCC_WARN_UNUSED_VARIABLE = YES;
				IPHONEOS_DEPLOYMENT_TARGET = 16.1;
				MTL_ENABLE_DEBUG_INFO = NO;
				MTL_FAST_MATH = YES;
				SDKROOT = iphoneos;
				SWIFT_COMPILATION_MODE = wholemodule;
				SWIFT_OPTIMIZATION_LEVEL = "-O";
				VALIDATE_PRODUCT = YES;
			};
			name = Release;
		};
		7D79FA78291B7432004A2ECF /* Debug */ = {
			isa = XCBuildConfiguration;
			baseConfigurationReference = 2B45DF998FDF5AAD9DFFCB01 /* Pods-net-worth.debug.xcconfig */;
			buildSettings = {
				ASSETCATALOG_COMPILER_APPICON_NAME = AppIcon;
				ASSETCATALOG_COMPILER_GLOBAL_ACCENT_COLOR_NAME = AccentColor;
				CODE_SIGN_STYLE = Automatic;
				CURRENT_PROJECT_VERSION = 791;
				DEVELOPMENT_ASSET_PATHS = "\"net-worth/Preview Content\"";
				DEVELOPMENT_TEAM = 2SHT42699C;
				ENABLE_PREVIEWS = YES;
				GENERATE_INFOPLIST_FILE = YES;
				INFOPLIST_FILE = "net-worth/Info.plist";
				INFOPLIST_KEY_CFBundleDisplayName = "Net Worth";
				INFOPLIST_KEY_LSApplicationCategoryType = "public.app-category.finance";
				INFOPLIST_KEY_NSFaceIDUsageDescription = "Face ID Authentication";
				INFOPLIST_KEY_UIApplicationSceneManifest_Generation = YES;
				INFOPLIST_KEY_UIApplicationSupportsIndirectInputEvents = YES;
				INFOPLIST_KEY_UILaunchStoryboardName = LaunchScreen.storyboard;
				INFOPLIST_KEY_UIStatusBarStyle = "";
				INFOPLIST_KEY_UISupportedInterfaceOrientations = UIInterfaceOrientationPortrait;
				INFOPLIST_KEY_UISupportsDocumentBrowser = YES;
				LD_RUNPATH_SEARCH_PATHS = (
					"$(inherited)",
					"@executable_path/Frameworks",
				);
				MARKETING_VERSION = 1.11;
				PRODUCT_BUNDLE_IDENTIFIER = "com.net-worth.net-worth";
				PRODUCT_NAME = "$(TARGET_NAME)";
				SWIFT_EMIT_LOC_STRINGS = YES;
				SWIFT_VERSION = 5.0;
				TARGETED_DEVICE_FAMILY = "1,2";
				VERSIONING_SYSTEM = "apple-generic";
			};
			name = Debug;
		};
		7D79FA79291B7432004A2ECF /* Release */ = {
			isa = XCBuildConfiguration;
			baseConfigurationReference = EF5EF456C574539AF6CA64AD /* Pods-net-worth.release.xcconfig */;
			buildSettings = {
				ASSETCATALOG_COMPILER_APPICON_NAME = AppIcon;
				ASSETCATALOG_COMPILER_GLOBAL_ACCENT_COLOR_NAME = AccentColor;
				CODE_SIGN_STYLE = Automatic;
				CURRENT_PROJECT_VERSION = 791;
				DEVELOPMENT_ASSET_PATHS = "\"net-worth/Preview Content\"";
				DEVELOPMENT_TEAM = 2SHT42699C;
				ENABLE_PREVIEWS = YES;
				GENERATE_INFOPLIST_FILE = YES;
				INFOPLIST_FILE = "net-worth/Info.plist";
				INFOPLIST_KEY_CFBundleDisplayName = "Net Worth";
				INFOPLIST_KEY_LSApplicationCategoryType = "public.app-category.finance";
				INFOPLIST_KEY_NSFaceIDUsageDescription = "Face ID Authentication";
				INFOPLIST_KEY_UIApplicationSceneManifest_Generation = YES;
				INFOPLIST_KEY_UIApplicationSupportsIndirectInputEvents = YES;
				INFOPLIST_KEY_UILaunchStoryboardName = LaunchScreen.storyboard;
				INFOPLIST_KEY_UIStatusBarStyle = "";
				INFOPLIST_KEY_UISupportedInterfaceOrientations = UIInterfaceOrientationPortrait;
				INFOPLIST_KEY_UISupportsDocumentBrowser = YES;
				LD_RUNPATH_SEARCH_PATHS = (
					"$(inherited)",
					"@executable_path/Frameworks",
				);
				MARKETING_VERSION = 1.11;
				PRODUCT_BUNDLE_IDENTIFIER = "com.net-worth.net-worth";
				PRODUCT_NAME = "$(TARGET_NAME)";
				SWIFT_EMIT_LOC_STRINGS = YES;
				SWIFT_VERSION = 5.0;
				TARGETED_DEVICE_FAMILY = "1,2";
				VERSIONING_SYSTEM = "apple-generic";
			};
			name = Release;
		};
/* End XCBuildConfiguration section */

/* Begin XCConfigurationList section */
		7D79FA48291B7430004A2ECF /* Build configuration list for PBXProject "net-worth" */ = {
			isa = XCConfigurationList;
			buildConfigurations = (
				7D79FA75291B7432004A2ECF /* Debug */,
				7D79FA76291B7432004A2ECF /* Release */,
			);
			defaultConfigurationIsVisible = 0;
			defaultConfigurationName = Release;
		};
		7D79FA77291B7432004A2ECF /* Build configuration list for PBXNativeTarget "net-worth" */ = {
			isa = XCConfigurationList;
			buildConfigurations = (
				7D79FA78291B7432004A2ECF /* Debug */,
				7D79FA79291B7432004A2ECF /* Release */,
			);
			defaultConfigurationIsVisible = 0;
			defaultConfigurationName = Release;
		};
/* End XCConfigurationList section */

/* Begin XCRemoteSwiftPackageReference section */
		7D921C502986801E0014AC9E /* XCRemoteSwiftPackageReference "firebase-ios-sdk" */ = {
			isa = XCRemoteSwiftPackageReference;
			repositoryURL = "https://github.com/firebase/firebase-ios-sdk";
			requirement = {
				kind = upToNextMajorVersion;
				minimumVersion = 9.0.0;
			};
		};
		7D921C53298681BC0014AC9E /* XCRemoteSwiftPackageReference "GoogleSignIn-iOS" */ = {
			isa = XCRemoteSwiftPackageReference;
			repositoryURL = "https://github.com/google/GoogleSignIn-iOS";
			requirement = {
				kind = upToNextMajorVersion;
				minimumVersion = 7.0.0;
			};
		};
/* End XCRemoteSwiftPackageReference section */

/* Begin XCSwiftPackageProductDependency section */
		7D85D067298D2CCF0019F85E /* FirebaseFirestore */ = {
			isa = XCSwiftPackageProductDependency;
			package = 7D921C502986801E0014AC9E /* XCRemoteSwiftPackageReference "firebase-ios-sdk" */;
			productName = FirebaseFirestore;
		};
		7D85D069298D2CCF0019F85E /* FirebaseFirestoreSwift */ = {
			isa = XCSwiftPackageProductDependency;
			package = 7D921C502986801E0014AC9E /* XCRemoteSwiftPackageReference "firebase-ios-sdk" */;
			productName = FirebaseFirestoreSwift;
		};
		7D921C512986801E0014AC9E /* FirebaseAuth */ = {
			isa = XCSwiftPackageProductDependency;
			package = 7D921C502986801E0014AC9E /* XCRemoteSwiftPackageReference "firebase-ios-sdk" */;
			productName = FirebaseAuth;
		};
		7D921C54298681BC0014AC9E /* GoogleSignIn */ = {
			isa = XCSwiftPackageProductDependency;
			package = 7D921C53298681BC0014AC9E /* XCRemoteSwiftPackageReference "GoogleSignIn-iOS" */;
			productName = GoogleSignIn;
		};
		7D921C56298681BC0014AC9E /* GoogleSignInSwift */ = {
			isa = XCSwiftPackageProductDependency;
			package = 7D921C53298681BC0014AC9E /* XCRemoteSwiftPackageReference "GoogleSignIn-iOS" */;
			productName = GoogleSignInSwift;
		};
/* End XCSwiftPackageProductDependency section */
	};
	rootObject = 7D79FA45291B7430004A2ECF /* Project object */;
}
